# Code generated by build-migrations. DO NOT EDIT.

0001 | init_extensions.sql                                 | 0001_init_extensions.sql
0002 | init_schemas.sql                                    | 0002_init_schemas.sql
0003 | org/organizations.sql                               | 0003_organizations.sql
0004 | iam/accounts.sql                                    | 0004_accounts.sql
0005 | auth/refresh_sessions.sql                           | 0005_refresh_sessions.sql
0006 | iam/memberships.sql                                 | 0006_memberships.sql
0007 | catalog/product_categories.sql                      | 0007_product_categories.sql
0008 | catalog/products.sql                                | 0008_products.sql
0009 | sales/orders.sql                                    | 0009_orders.sql
0010 | sales/requests.sql                                  | 0010_requests.sql
0011 | sales/order_requests.sql                            | 0011_order_requests.sql
0012 | storage/objects.sql                                 | 0012_objects.sql
0013 | catalog/product_import_batches.sql                  | 0013_product_import_batches.sql
0014 | catalog/product_import_errors.sql                   | 0014_product_import_errors.sql
0015 | sales/order_documents.sql                           | 0015_order_documents.sql
0016 | catalog/product_images.sql                          | 0016_product_images.sql
0017 | auth/password_credentials.sql                       | 0017_password_credentials.sql
0018 | iam/groups.sql                                      | 0018_groups.sql
0019 | iam/group_account_members.sql                       | 0019_group_account_members.sql
0020 | iam/group_organization_members.sql                  | 0020_group_organization_members.sql
0021 | catalog/product_categories_per_organization.sql     | 0021_product_categories_per_organization.sql
0022 | collab/init_schema.sql                              | 0022_init_schema.sql
0023 | collab/channels.sql                                 | 0023_channels.sql
0024 | collab/channel_admins.sql                           | 0024_channel_admins.sql
0025 | collab/guest_invites.sql                            | 0025_guest_invites.sql
0026 | auth/guest_identities.sql                           | 0026_guest_identities.sql
0027 | auth/guest_sessions.sql                             | 0027_guest_sessions.sql
0028 | collab/messages.sql                                 | 0028_messages.sql
0029 | collab/message_revisions.sql                        | 0029_message_revisions.sql
0030 | collab/message_mentions.sql                         | 0030_message_mentions.sql
0031 | collab/message_reactions.sql                        | 0031_message_reactions.sql
0032 | collab/message_attachments.sql                      | 0032_message_attachments.sql
0033 | collab/channel_read_cursors.sql                     | 0033_channel_read_cursors.sql
0034 | collab/conferences.sql                              | 0034_conferences.sql
0035 | collab/conference_participants.sql                  | 0035_conference_participants.sql
0036 | collab/conference_recordings.sql                    | 0036_conference_recordings.sql
0037 | collab/conference_transcripts.sql                   | 0037_conference_transcripts.sql
0038 | integration/jitsi_webhook_inbox.sql                 | 0038_jitsi_webhook_inbox.sql
0039 | integration/transcription_jobs.sql                  | 0039_transcription_jobs.sql
0040 | iam/account_profile_fields.sql                      | 0040_account_profile_fields.sql
0041 | org/organization_profile_fields.sql                 | 0041_organization_profile_fields.sql
0042 | org/cooperation_applications.sql                    | 0042_cooperation_applications.sql
0043 | org/organization_legal_documents.sql                | 0043_organization_legal_documents.sql
0044 | org/organization_legal_document_analysis.sql        | 0044_organization_legal_document_analysis.sql
0045 | integration/organization_document_analysis_jobs.sql | 0045_organization_document_analysis_jobs.sql
0046 | collab/conference_provider_mediasoup.sql            | 0046_conference_provider_mediasoup.sql
0047 | collab/conference_provider_mediasoup_only.sql       | 0047_conference_provider_mediasoup_only.sql
0048 | iam/membership_roles_v2.sql                         | 0048_membership_roles_v2.sql
0049 | catalog/product_presentation_videos.sql             | 0049_product_presentation_videos.sql
0050 | iam/account_videos.sql                              | 0050_account_videos.sql
0051 | org/organization_videos.sql                         | 0051_organization_videos.sql
0052 | auth/external_identities.sql                        | 0052_external_identities.sql
0053 | auth/oauth_states.sql                               | 0053_oauth_states.sql
0054 | auth/oidc_nonces.sql                                | 0054_oidc_nonces.sql
